
Microsoft Visual Studio Solution File, Format Version 12.00
# Visual Studio Version 17
VisualStudioVersion = 17.11.35312.102
MinimumVisualStudioVersion = 10.0.40219.1
Project("{FAE04EC0-301F-11D3-BF4B-00C04F79EFBC}") = "FirstAPI", "FirstAPI\FirstAPI.csproj", "{ADAD8A2B-C824-4107-BC91-C7959A520523}"
EndProject
Global
	GlobalSection(SolutionConfigurationPlatforms) = preSolution
		Debug|Any CPU = Debug|Any CPU
		Release|Any CPU = Release|Any CPU
	EndGlobalSection
	GlobalSection(ProjectConfigurationPlatforms) = postSolution
		{ADAD8A2B-C824-4107-BC91-C7959A520523}.Debug|Any CPU.ActiveCfg = Debug|Any CPU
		{ADAD8A2B-C824-4107-BC91-C7959A520523}.Debug|Any CPU.Build.0 = Debug|Any CPU
		{ADAD8A2B-C824-4107-BC91-C7959A520523}.Release|Any CPU.ActiveCfg = Release|Any CPU
		{ADAD8A2B-C824-4107-BC91-C7959A520523}.Release|Any CPU.Build.0 = Release|Any CPU
	EndGlobalSection
	GlobalSection(SolutionProperties) = preSolution
		HideSolutionNode = FALSE
	EndGlobalSection
	GlobalSection(ExtensibilityGlobals) = postSolution
		SolutionGuid = {3E836266-F366-4968-87D7-A1BF72FBBF69}
	EndGlobalSection
EndGlobal
